
Microsoft Visual Studio Solution File, Format Version 12.00
# Visual Studio Version 17
VisualStudioVersion = 17.14.36310.24 d17.14
MinimumVisualStudioVersion = 10.0.40219.1
Project("{FAE04EC0-301F-11D3-BF4B-00C04F79EFBC}") = "Lucky Draw Simulation", "Lucky Draw Simulation.csproj", "{CC801111-F191-4217-9AD2-448A7B41A762}"
EndProject
Global
	GlobalSection(SolutionConfigurationPlatforms) = preSolution
		Debug|Any CPU = Debug|Any CPU
		Release|Any CPU = Release|Any CPU
	EndGlobalSection
	GlobalSection(ProjectConfigurationPlatforms) = postSolution
		{CC801111-F191-4217-9AD2-448A7B41A762}.Debug|Any CPU.ActiveCfg = Debug|Any CPU
		{CC801111-F191-4217-9AD2-448A7B41A762}.Debug|Any CPU.Build.0 = Debug|Any CPU
		{CC801111-F191-4217-9AD2-448A7B41A762}.Release|Any CPU.ActiveCfg = Release|Any CPU
		{CC801111-F191-4217-9AD2-448A7B41A762}.Release|Any CPU.Build.0 = Release|Any CPU
	EndGlobalSection
	GlobalSection(SolutionProperties) = preSolution
		HideSolutionNode = FALSE
	EndGlobalSection
	GlobalSection(ExtensibilityGlobals) = postSolution
		SolutionGuid = {E575A1AE-AF96-44F9-B880-A2CADBB09384}
	EndGlobalSection
EndGlobal
